
Microsoft Visual Studio Solution File, Format Version 12.00
# Visual Studio 14
VisualStudioVersion = 14.0.25420.1
MinimumVisualStudioVersion = 10.0.40219.1
Project("{8BC9CEB8-8B4A-11D0-8D11-00A0C91BC942}") = "MyTestAPP", "Learn\Learn.vcxproj", "{79099D98-AA40-4D54-A602-1240CB4D8D1F}"
	ProjectSection(ProjectDependencies) = postProject
		{19F9E394-36FE-47CF-B91E-F63AF8254AAE} = {19F9E394-36FE-47CF-B91E-F63AF8254AAE}
	EndProjectSection
EndProject
Project("{8BC9CEB8-8B4A-11D0-8D11-00A0C91BC942}") = "Library", "Library\Library.vcxproj", "{19F9E394-36FE-47CF-B91E-F63AF8254AAE}"
EndProject
Project("{2150E333-8FDC-42A3-9474-1A3956D46DE8}") = "TemplateMethod模板方法", "TemplateMethod模板方法", "{035E7EFA-12D8-4C5F-AAAC-72BB01E3CD65}"
EndProject
Project("{2150E333-8FDC-42A3-9474-1A3956D46DE8}") = "Strategy策略模式", "Strategy策略模式", "{00346E00-1364-4699-A0C4-17AA8AF5F7E3}"
EndProject
Project("{8BC9CEB8-8B4A-11D0-8D11-00A0C91BC942}") = "Strategy", "Strategy\Strategy.vcxproj", "{660D446D-41CA-4BAF-A97E-867A6DD1BEC0}"
EndProject
Project("{2150E333-8FDC-42A3-9474-1A3956D46DE8}") = "Observer观察者模式", "Observer观察者模式", "{7B2F6454-4316-4219-B65A-4E03AFA8EBAA}"
EndProject
Project("{8BC9CEB8-8B4A-11D0-8D11-00A0C91BC942}") = "Observer", "Observer\Observer.vcxproj", "{B95C7E5C-1F2C-4B28-8E9A-654B4074CAA7}"
EndProject
Project("{2150E333-8FDC-42A3-9474-1A3956D46DE8}") = "Decorator装饰器模式", "Decorator装饰器模式", "{2E44C81C-E05F-4076-98AD-9A655012D099}"
EndProject
Project("{8BC9CEB8-8B4A-11D0-8D11-00A0C91BC942}") = "Decotator", "Decotator\Decotator.vcxproj", "{52A94774-D653-4BBB-ABAA-3E1D76653342}"
EndProject
Project("{2150E333-8FDC-42A3-9474-1A3956D46DE8}") = "Bridge桥模式", "Bridge桥模式", "{059D60A1-20F3-4D07-AB05-A48506C9C26E}"
EndProject
Project("{8BC9CEB8-8B4A-11D0-8D11-00A0C91BC942}") = "Bridge", "Bridge\Bridge.vcxproj", "{00A17E7D-67B2-4EF5-B230-BEC6A7E24FFF}"
EndProject
Project("{2150E333-8FDC-42A3-9474-1A3956D46DE8}") = "FactoryMethod工厂方法", "FactoryMethod工厂方法", "{40C71058-FD11-4FF3-AECD-EECCD6F19790}"
EndProject
Project("{8BC9CEB8-8B4A-11D0-8D11-00A0C91BC942}") = "FactoryMethod", "FactoryMethod\FactoryMethod.vcxproj", "{9D97F017-B09D-4BF8-92BA-22DCB2801DC1}"
EndProject
Project("{2150E333-8FDC-42A3-9474-1A3956D46DE8}") = "AbstractFactory抽象工厂", "AbstractFactory抽象工厂", "{8011CA58-4919-40FF-AE98-80FFAE55C0CE}"
EndProject
Project("{2150E333-8FDC-42A3-9474-1A3956D46DE8}") = "组件协作", "组件协作", "{F3D22466-BFF6-4F5F-B92E-6CF43B3BC4EC}"
EndProject
Project("{2150E333-8FDC-42A3-9474-1A3956D46DE8}") = "单一职责", "单一职责", "{D37453AF-9857-432C-A684-05B9071B343C}"
EndProject
Project("{2150E333-8FDC-42A3-9474-1A3956D46DE8}") = "对象创建", "对象创建", "{6BC1D02A-C7EF-4B47-9D25-213DD5EAC56E}"
EndProject
Project("{8BC9CEB8-8B4A-11D0-8D11-00A0C91BC942}") = "AbstractFactory", "AbstractFactory\AbstractFactory.vcxproj", "{8AD559FD-EB46-42A3-B9C0-AA5D58D35D73}"
EndProject
Project("{2150E333-8FDC-42A3-9474-1A3956D46DE8}") = "对象性能", "对象性能", "{2149B666-0663-4D62-9992-D753546AB2CC}"
EndProject
Project("{2150E333-8FDC-42A3-9474-1A3956D46DE8}") = "Singleton单例模式", "Singleton单例模式", "{0CA7D80F-70AF-464A-9866-8D8A663AF6EE}"
EndProject
Project("{8BC9CEB8-8B4A-11D0-8D11-00A0C91BC942}") = "Singleton", "Singleton\Singleton.vcxproj", "{3099AEB3-5168-441E-8B99-BBDAA28B1E93}"
EndProject
Project("{8BC9CEB8-8B4A-11D0-8D11-00A0C91BC942}") = "FlyWeight", "FlyWeight\FlyWeight.vcxproj", "{793C24FC-944C-45E2-AD1E-BF4583339890}"
EndProject
Project("{2150E333-8FDC-42A3-9474-1A3956D46DE8}") = "状态变化", "状态变化", "{4925E699-0017-4A06-86AB-97D154340522}"
EndProject
Project("{2150E333-8FDC-42A3-9474-1A3956D46DE8}") = "State状态模式", "State状态模式", "{F39B53E3-558F-4D2D-B21E-E2E91F72EADC}"
EndProject
Project("{8BC9CEB8-8B4A-11D0-8D11-00A0C91BC942}") = "State", "State\State.vcxproj", "{7169B2B5-3C79-413F-B59C-50D92FB97DD3}"
EndProject
Global
	GlobalSection(SolutionConfigurationPlatforms) = preSolution
		Debug|x64 = Debug|x64
		Debug|x86 = Debug|x86
		Release|x64 = Release|x64
		Release|x86 = Release|x86
	EndGlobalSection
	GlobalSection(ProjectConfigurationPlatforms) = postSolution
		{79099D98-AA40-4D54-A602-1240CB4D8D1F}.Debug|x64.ActiveCfg = Debug|x64
		{79099D98-AA40-4D54-A602-1240CB4D8D1F}.Debug|x64.Build.0 = Debug|x64
		{79099D98-AA40-4D54-A602-1240CB4D8D1F}.Debug|x86.ActiveCfg = Debug|Win32
		{79099D98-AA40-4D54-A602-1240CB4D8D1F}.Debug|x86.Build.0 = Debug|Win32
		{79099D98-AA40-4D54-A602-1240CB4D8D1F}.Release|x64.ActiveCfg = Release|x64
		{79099D98-AA40-4D54-A602-1240CB4D8D1F}.Release|x64.Build.0 = Release|x64
		{79099D98-AA40-4D54-A602-1240CB4D8D1F}.Release|x86.ActiveCfg = Release|Win32
		{79099D98-AA40-4D54-A602-1240CB4D8D1F}.Release|x86.Build.0 = Release|Win32
		{19F9E394-36FE-47CF-B91E-F63AF8254AAE}.Debug|x64.ActiveCfg = Debug|x64
		{19F9E394-36FE-47CF-B91E-F63AF8254AAE}.Debug|x64.Build.0 = Debug|x64
		{19F9E394-36FE-47CF-B91E-F63AF8254AAE}.Debug|x86.ActiveCfg = Debug|Win32
		{19F9E394-36FE-47CF-B91E-F63AF8254AAE}.Debug|x86.Build.0 = Debug|Win32
		{19F9E394-36FE-47CF-B91E-F63AF8254AAE}.Release|x64.ActiveCfg = Release|x64
		{19F9E394-36FE-47CF-B91E-F63AF8254AAE}.Release|x64.Build.0 = Release|x64
		{19F9E394-36FE-47CF-B91E-F63AF8254AAE}.Release|x86.ActiveCfg = Release|Win32
		{19F9E394-36FE-47CF-B91E-F63AF8254AAE}.Release|x86.Build.0 = Release|Win32
		{660D446D-41CA-4BAF-A97E-867A6DD1BEC0}.Debug|x64.ActiveCfg = Debug|x64
		{660D446D-41CA-4BAF-A97E-867A6DD1BEC0}.Debug|x64.Build.0 = Debug|x64
		{660D446D-41CA-4BAF-A97E-867A6DD1BEC0}.Debug|x86.ActiveCfg = Debug|Win32
		{660D446D-41CA-4BAF-A97E-867A6DD1BEC0}.Debug|x86.Build.0 = Debug|Win32
		{660D446D-41CA-4BAF-A97E-867A6DD1BEC0}.Release|x64.ActiveCfg = Release|x64
		{660D446D-41CA-4BAF-A97E-867A6DD1BEC0}.Release|x64.Build.0 = Release|x64
		{660D446D-41CA-4BAF-A97E-867A6DD1BEC0}.Release|x86.ActiveCfg = Release|Win32
		{660D446D-41CA-4BAF-A97E-867A6DD1BEC0}.Release|x86.Build.0 = Release|Win32
		{B95C7E5C-1F2C-4B28-8E9A-654B4074CAA7}.Debug|x64.ActiveCfg = Debug|x64
		{B95C7E5C-1F2C-4B28-8E9A-654B4074CAA7}.Debug|x64.Build.0 = Debug|x64
		{B95C7E5C-1F2C-4B28-8E9A-654B4074CAA7}.Debug|x86.ActiveCfg = Debug|Win32
		{B95C7E5C-1F2C-4B28-8E9A-654B4074CAA7}.Debug|x86.Build.0 = Debug|Win32
		{B95C7E5C-1F2C-4B28-8E9A-654B4074CAA7}.Release|x64.ActiveCfg = Release|x64
		{B95C7E5C-1F2C-4B28-8E9A-654B4074CAA7}.Release|x64.Build.0 = Release|x64
		{B95C7E5C-1F2C-4B28-8E9A-654B4074CAA7}.Release|x86.ActiveCfg = Release|Win32
		{B95C7E5C-1F2C-4B28-8E9A-654B4074CAA7}.Release|x86.Build.0 = Release|Win32
		{52A94774-D653-4BBB-ABAA-3E1D76653342}.Debug|x64.ActiveCfg = Debug|x64
		{52A94774-D653-4BBB-ABAA-3E1D76653342}.Debug|x64.Build.0 = Debug|x64
		{52A94774-D653-4BBB-ABAA-3E1D76653342}.Debug|x86.ActiveCfg = Debug|Win32
		{52A94774-D653-4BBB-ABAA-3E1D76653342}.Debug|x86.Build.0 = Debug|Win32
		{52A94774-D653-4BBB-ABAA-3E1D76653342}.Release|x64.ActiveCfg = Release|x64
		{52A94774-D653-4BBB-ABAA-3E1D76653342}.Release|x64.Build.0 = Release|x64
		{52A94774-D653-4BBB-ABAA-3E1D76653342}.Release|x86.ActiveCfg = Release|Win32
		{52A94774-D653-4BBB-ABAA-3E1D76653342}.Release|x86.Build.0 = Release|Win32
		{00A17E7D-67B2-4EF5-B230-BEC6A7E24FFF}.Debug|x64.ActiveCfg = Debug|x64
		{00A17E7D-67B2-4EF5-B230-BEC6A7E24FFF}.Debug|x64.Build.0 = Debug|x64
		{00A17E7D-67B2-4EF5-B230-BEC6A7E24FFF}.Debug|x86.ActiveCfg = Debug|Win32
		{00A17E7D-67B2-4EF5-B230-BEC6A7E24FFF}.Debug|x86.Build.0 = Debug|Win32
		{00A17E7D-67B2-4EF5-B230-BEC6A7E24FFF}.Release|x64.ActiveCfg = Release|x64
		{00A17E7D-67B2-4EF5-B230-BEC6A7E24FFF}.Release|x64.Build.0 = Release|x64
		{00A17E7D-67B2-4EF5-B230-BEC6A7E24FFF}.Release|x86.ActiveCfg = Release|Win32
		{00A17E7D-67B2-4EF5-B230-BEC6A7E24FFF}.Release|x86.Build.0 = Release|Win32
		{9D97F017-B09D-4BF8-92BA-22DCB2801DC1}.Debug|x64.ActiveCfg = Debug|x64
		{9D97F017-B09D-4BF8-92BA-22DCB2801DC1}.Debug|x64.Build.0 = Debug|x64
		{9D97F017-B09D-4BF8-92BA-22DCB2801DC1}.Debug|x86.ActiveCfg = Debug|Win32
		{9D97F017-B09D-4BF8-92BA-22DCB2801DC1}.Debug|x86.Build.0 = Debug|Win32
		{9D97F017-B09D-4BF8-92BA-22DCB2801DC1}.Release|x64.ActiveCfg = Release|x64
		{9D97F017-B09D-4BF8-92BA-22DCB2801DC1}.Release|x64.Build.0 = Release|x64
		{9D97F017-B09D-4BF8-92BA-22DCB2801DC1}.Release|x86.ActiveCfg = Release|Win32
		{9D97F017-B09D-4BF8-92BA-22DCB2801DC1}.Release|x86.Build.0 = Release|Win32
		{8AD559FD-EB46-42A3-B9C0-AA5D58D35D73}.Debug|x64.ActiveCfg = Debug|x64
		{8AD559FD-EB46-42A3-B9C0-AA5D58D35D73}.Debug|x64.Build.0 = Debug|x64
		{8AD559FD-EB46-42A3-B9C0-AA5D58D35D73}.Debug|x86.ActiveCfg = Debug|Win32
		{8AD559FD-EB46-42A3-B9C0-AA5D58D35D73}.Debug|x86.Build.0 = Debug|Win32
		{8AD559FD-EB46-42A3-B9C0-AA5D58D35D73}.Release|x64.ActiveCfg = Release|x64
		{8AD559FD-EB46-42A3-B9C0-AA5D58D35D73}.Release|x64.Build.0 = Release|x64
		{8AD559FD-EB46-42A3-B9C0-AA5D58D35D73}.Release|x86.ActiveCfg = Release|Win32
		{8AD559FD-EB46-42A3-B9C0-AA5D58D35D73}.Release|x86.Build.0 = Release|Win32
		{3099AEB3-5168-441E-8B99-BBDAA28B1E93}.Debug|x64.ActiveCfg = Debug|x64
		{3099AEB3-5168-441E-8B99-BBDAA28B1E93}.Debug|x64.Build.0 = Debug|x64
		{3099AEB3-5168-441E-8B99-BBDAA28B1E93}.Debug|x86.ActiveCfg = Debug|Win32
		{3099AEB3-5168-441E-8B99-BBDAA28B1E93}.Debug|x86.Build.0 = Debug|Win32
		{3099AEB3-5168-441E-8B99-BBDAA28B1E93}.Release|x64.ActiveCfg = Release|x64
		{3099AEB3-5168-441E-8B99-BBDAA28B1E93}.Release|x64.Build.0 = Release|x64
		{3099AEB3-5168-441E-8B99-BBDAA28B1E93}.Release|x86.ActiveCfg = Release|Win32
		{3099AEB3-5168-441E-8B99-BBDAA28B1E93}.Release|x86.Build.0 = Release|Win32
		{793C24FC-944C-45E2-AD1E-BF4583339890}.Debug|x64.ActiveCfg = Debug|x64
		{793C24FC-944C-45E2-AD1E-BF4583339890}.Debug|x64.Build.0 = Debug|x64
		{793C24FC-944C-45E2-AD1E-BF4583339890}.Debug|x86.ActiveCfg = Debug|Win32
		{793C24FC-944C-45E2-AD1E-BF4583339890}.Debug|x86.Build.0 = Debug|Win32
		{793C24FC-944C-45E2-AD1E-BF4583339890}.Release|x64.ActiveCfg = Release|x64
		{793C24FC-944C-45E2-AD1E-BF4583339890}.Release|x64.Build.0 = Release|x64
		{793C24FC-944C-45E2-AD1E-BF4583339890}.Release|x86.ActiveCfg = Release|Win32
		{793C24FC-944C-45E2-AD1E-BF4583339890}.Release|x86.Build.0 = Release|Win32
		{7169B2B5-3C79-413F-B59C-50D92FB97DD3}.Debug|x64.ActiveCfg = Debug|x64
		{7169B2B5-3C79-413F-B59C-50D92FB97DD3}.Debug|x64.Build.0 = Debug|x64
		{7169B2B5-3C79-413F-B59C-50D92FB97DD3}.Debug|x86.ActiveCfg = Debug|Win32
		{7169B2B5-3C79-413F-B59C-50D92FB97DD3}.Debug|x86.Build.0 = Debug|Win32
		{7169B2B5-3C79-413F-B59C-50D92FB97DD3}.Release|x64.ActiveCfg = Release|x64
		{7169B2B5-3C79-413F-B59C-50D92FB97DD3}.Release|x64.Build.0 = Release|x64
		{7169B2B5-3C79-413F-B59C-50D92FB97DD3}.Release|x86.ActiveCfg = Release|Win32
		{7169B2B5-3C79-413F-B59C-50D92FB97DD3}.Release|x86.Build.0 = Release|Win32
	EndGlobalSection
	GlobalSection(SolutionProperties) = preSolution
		HideSolutionNode = FALSE
	EndGlobalSection
	GlobalSection(NestedProjects) = preSolution
		{79099D98-AA40-4D54-A602-1240CB4D8D1F} = {035E7EFA-12D8-4C5F-AAAC-72BB01E3CD65}
		{19F9E394-36FE-47CF-B91E-F63AF8254AAE} = {035E7EFA-12D8-4C5F-AAAC-72BB01E3CD65}
		{035E7EFA-12D8-4C5F-AAAC-72BB01E3CD65} = {F3D22466-BFF6-4F5F-B92E-6CF43B3BC4EC}
		{00346E00-1364-4699-A0C4-17AA8AF5F7E3} = {F3D22466-BFF6-4F5F-B92E-6CF43B3BC4EC}
		{660D446D-41CA-4BAF-A97E-867A6DD1BEC0} = {00346E00-1364-4699-A0C4-17AA8AF5F7E3}
		{7B2F6454-4316-4219-B65A-4E03AFA8EBAA} = {F3D22466-BFF6-4F5F-B92E-6CF43B3BC4EC}
		{B95C7E5C-1F2C-4B28-8E9A-654B4074CAA7} = {7B2F6454-4316-4219-B65A-4E03AFA8EBAA}
		{2E44C81C-E05F-4076-98AD-9A655012D099} = {D37453AF-9857-432C-A684-05B9071B343C}
		{52A94774-D653-4BBB-ABAA-3E1D76653342} = {2E44C81C-E05F-4076-98AD-9A655012D099}
		{059D60A1-20F3-4D07-AB05-A48506C9C26E} = {D37453AF-9857-432C-A684-05B9071B343C}
		{00A17E7D-67B2-4EF5-B230-BEC6A7E24FFF} = {059D60A1-20F3-4D07-AB05-A48506C9C26E}
		{40C71058-FD11-4FF3-AECD-EECCD6F19790} = {6BC1D02A-C7EF-4B47-9D25-213DD5EAC56E}
		{9D97F017-B09D-4BF8-92BA-22DCB2801DC1} = {40C71058-FD11-4FF3-AECD-EECCD6F19790}
		{8011CA58-4919-40FF-AE98-80FFAE55C0CE} = {6BC1D02A-C7EF-4B47-9D25-213DD5EAC56E}
		{8AD559FD-EB46-42A3-B9C0-AA5D58D35D73} = {8011CA58-4919-40FF-AE98-80FFAE55C0CE}
		{0CA7D80F-70AF-464A-9866-8D8A663AF6EE} = {2149B666-0663-4D62-9992-D753546AB2CC}
		{3099AEB3-5168-441E-8B99-BBDAA28B1E93} = {0CA7D80F-70AF-464A-9866-8D8A663AF6EE}
		{793C24FC-944C-45E2-AD1E-BF4583339890} = {2149B666-0663-4D62-9992-D753546AB2CC}
		{F39B53E3-558F-4D2D-B21E-E2E91F72EADC} = {4925E699-0017-4A06-86AB-97D154340522}
		{7169B2B5-3C79-413F-B59C-50D92FB97DD3} = {F39B53E3-558F-4D2D-B21E-E2E91F72EADC}
	EndGlobalSection
EndGlobal
